
Microsoft Visual Studio Solution File, Format Version 12.00
# Visual Studio Version 17
VisualStudioVersion = 17.3.32825.248
MinimumVisualStudioVersion = 10.0.40219.1
Project("{FAE04EC0-301F-11D3-BF4B-00C04F79EFBC}") = "Pattern Prototype", "Pattern Prototype.csproj", "{38DCC25F-EEC1-4DE3-B55D-463795F8F09E}"
EndProject
Global
	GlobalSection(SolutionConfigurationPlatforms) = preSolution
		Debug|Any CPU = Debug|Any CPU
		Release|Any CPU = Release|Any CPU
	EndGlobalSection
	GlobalSection(ProjectConfigurationPlatforms) = postSolution
		{38DCC25F-EEC1-4DE3-B55D-463795F8F09E}.Debug|Any CPU.ActiveCfg = Debug|Any CPU
		{38DCC25F-EEC1-4DE3-B55D-463795F8F09E}.Debug|Any CPU.Build.0 = Debug|Any CPU
		{38DCC25F-EEC1-4DE3-B55D-463795F8F09E}.Release|Any CPU.ActiveCfg = Release|Any CPU
		{38DCC25F-EEC1-4DE3-B55D-463795F8F09E}.Release|Any CPU.Build.0 = Release|Any CPU
	EndGlobalSection
	GlobalSection(SolutionProperties) = preSolution
		HideSolutionNode = FALSE
	EndGlobalSection
	GlobalSection(ExtensibilityGlobals) = postSolution
		SolutionGuid = {B09E2755-AA68-4EE7-8972-11E9C973CBA4}
	EndGlobalSection
EndGlobal
