
Microsoft Visual Studio Solution File, Format Version 12.00
# Visual Studio Version 17
VisualStudioVersion = 17.3.32825.248
MinimumVisualStudioVersion = 10.0.40219.1
Project("{FAE04EC0-301F-11D3-BF4B-00C04F79EFBC}") = "Builder Auto", "Builder Auto.csproj", "{39BAEEA7-9C9B-4894-AF52-EA6BE4D4A107}"
EndProject
Global
	GlobalSection(SolutionConfigurationPlatforms) = preSolution
		Debug|Any CPU = Debug|Any CPU
		Release|Any CPU = Release|Any CPU
	EndGlobalSection
	GlobalSection(ProjectConfigurationPlatforms) = postSolution
		{39BAEEA7-9C9B-4894-AF52-EA6BE4D4A107}.Debug|Any CPU.ActiveCfg = Debug|Any CPU
		{39BAEEA7-9C9B-4894-AF52-EA6BE4D4A107}.Debug|Any CPU.Build.0 = Debug|Any CPU
		{39BAEEA7-9C9B-4894-AF52-EA6BE4D4A107}.Release|Any CPU.ActiveCfg = Release|Any CPU
		{39BAEEA7-9C9B-4894-AF52-EA6BE4D4A107}.Release|Any CPU.Build.0 = Release|Any CPU
	EndGlobalSection
	GlobalSection(SolutionProperties) = preSolution
		HideSolutionNode = FALSE
	EndGlobalSection
	GlobalSection(ExtensibilityGlobals) = postSolution
		SolutionGuid = {F2C28F32-0455-48BA-ACE0-9AFD850CC327}
	EndGlobalSection
EndGlobal
